
Microsoft Visual Studio Solution File, Format Version 12.00
# Visual Studio Version 16
VisualStudioVersion = 16.0.30517.126
MinimumVisualStudioVersion = 10.0.40219.1
Project("{FAE04EC0-301F-11D3-BF4B-00C04F79EFBC}") = "Labyrinth", "Labyrinth\Labyrinth.csproj", "{76678B62-70BC-40E2-9547-C2BFEA245BAC}"
EndProject
Global
	GlobalSection(SolutionConfigurationPlatforms) = preSolution
		Debug|Any CPU = Debug|Any CPU
		Release|Any CPU = Release|Any CPU
	EndGlobalSection
	GlobalSection(ProjectConfigurationPlatforms) = postSolution
		{76678B62-70BC-40E2-9547-C2BFEA245BAC}.Debug|Any CPU.ActiveCfg = Debug|Any CPU
		{76678B62-70BC-40E2-9547-C2BFEA245BAC}.Debug|Any CPU.Build.0 = Debug|Any CPU
		{76678B62-70BC-40E2-9547-C2BFEA245BAC}.Release|Any CPU.ActiveCfg = Release|Any CPU
		{76678B62-70BC-40E2-9547-C2BFEA245BAC}.Release|Any CPU.Build.0 = Release|Any CPU
	EndGlobalSection
	GlobalSection(SolutionProperties) = preSolution
		HideSolutionNode = FALSE
	EndGlobalSection
	GlobalSection(ExtensibilityGlobals) = postSolution
		SolutionGuid = {604549D0-4591-4145-8928-0C8A3C72A406}
	EndGlobalSection
EndGlobal
